
Microsoft Visual Studio Solution File, Format Version 12.00
# Visual Studio Version 16
VisualStudioVersion = 16.0.32929.386
MinimumVisualStudioVersion = 10.0.40219.1
Project("{FAE04EC0-301F-11D3-BF4B-00C04F79EFBC}") = "TravelTripProject", "TravelTripProject\TravelTripProject.csproj", "{F6725624-C449-4C32-BFB7-0E24EEC5A6DB}"
EndProject
Global
	GlobalSection(SolutionConfigurationPlatforms) = preSolution
		Debug|Any CPU = Debug|Any CPU
		Release|Any CPU = Release|Any CPU
	EndGlobalSection
	GlobalSection(ProjectConfigurationPlatforms) = postSolution
		{F6725624-C449-4C32-BFB7-0E24EEC5A6DB}.Debug|Any CPU.ActiveCfg = Debug|Any CPU
		{F6725624-C449-4C32-BFB7-0E24EEC5A6DB}.Debug|Any CPU.Build.0 = Debug|Any CPU
		{F6725624-C449-4C32-BFB7-0E24EEC5A6DB}.Release|Any CPU.ActiveCfg = Release|Any CPU
		{F6725624-C449-4C32-BFB7-0E24EEC5A6DB}.Release|Any CPU.Build.0 = Release|Any CPU
	EndGlobalSection
	GlobalSection(SolutionProperties) = preSolution
		HideSolutionNode = FALSE
	EndGlobalSection
	GlobalSection(ExtensibilityGlobals) = postSolution
		SolutionGuid = {017F4FF9-9A6F-4CC9-9AE0-107E23513002}
	EndGlobalSection
EndGlobal
